
Microsoft Visual Studio Solution File, Format Version 12.00
# Visual Studio Version 17
VisualStudioVersion = 17.11.35431.28
MinimumVisualStudioVersion = 10.0.40219.1
Project("{FAE04EC0-301F-11D3-BF4B-00C04F79EFBC}") = "Console_geriye_deger_donduren_metot", "Console_geriye_deger_donduren_metot\Console_geriye_deger_donduren_metot.csproj", "{0912F00D-C6C4-4E9B-8637-DEB7D80E32F9}"
EndProject
Global
	GlobalSection(SolutionConfigurationPlatforms) = preSolution
		Debug|Any CPU = Debug|Any CPU
		Release|Any CPU = Release|Any CPU
	EndGlobalSection
	GlobalSection(ProjectConfigurationPlatforms) = postSolution
		{0912F00D-C6C4-4E9B-8637-DEB7D80E32F9}.Debug|Any CPU.ActiveCfg = Debug|Any CPU
		{0912F00D-C6C4-4E9B-8637-DEB7D80E32F9}.Debug|Any CPU.Build.0 = Debug|Any CPU
		{0912F00D-C6C4-4E9B-8637-DEB7D80E32F9}.Release|Any CPU.ActiveCfg = Release|Any CPU
		{0912F00D-C6C4-4E9B-8637-DEB7D80E32F9}.Release|Any CPU.Build.0 = Release|Any CPU
	EndGlobalSection
	GlobalSection(SolutionProperties) = preSolution
		HideSolutionNode = FALSE
	EndGlobalSection
	GlobalSection(ExtensibilityGlobals) = postSolution
		SolutionGuid = {32A37EB4-93F7-4452-849D-EF6BDD35F497}
	EndGlobalSection
EndGlobal
